
Microsoft Visual Studio Solution File, Format Version 12.00
# Visual Studio Version 16
VisualStudioVersion = 16.0.30011.22
MinimumVisualStudioVersion = 10.0.40219.1
Project("{F2A71F9B-5D33-465A-A702-920D77279786}") = "LsupEval", "src\lib\LsupEval\LsupEval.fsproj", "{660A6B0C-B427-4F7F-BA8C-4F0AF63961F4}"
EndProject
Global
	GlobalSection(SolutionConfigurationPlatforms) = preSolution
		Debug|Any CPU = Debug|Any CPU
		Release|Any CPU = Release|Any CPU
	EndGlobalSection
	GlobalSection(ProjectConfigurationPlatforms) = postSolution
		{660A6B0C-B427-4F7F-BA8C-4F0AF63961F4}.Debug|Any CPU.ActiveCfg = Debug|Any CPU
		{660A6B0C-B427-4F7F-BA8C-4F0AF63961F4}.Debug|Any CPU.Build.0 = Debug|Any CPU
		{660A6B0C-B427-4F7F-BA8C-4F0AF63961F4}.Release|Any CPU.ActiveCfg = Release|Any CPU
		{660A6B0C-B427-4F7F-BA8C-4F0AF63961F4}.Release|Any CPU.Build.0 = Release|Any CPU
	EndGlobalSection
	GlobalSection(SolutionProperties) = preSolution
		HideSolutionNode = FALSE
	EndGlobalSection
	GlobalSection(ExtensibilityGlobals) = postSolution
		SolutionGuid = {3B201F63-87B1-46A0-9DB9-DBC4B036E1AE}
	EndGlobalSection
EndGlobal
